
Microsoft Visual Studio Solution File, Format Version 12.00
# Visual Studio Version 17
VisualStudioVersion = 17.7.33808.371
MinimumVisualStudioVersion = 10.0.40219.1
Project("{FAE04EC0-301F-11D3-BF4B-00C04F79EFBC}") = "Pmvc", "Pmvc\Pmvc.csproj", "{DA92F060-07FE-42E0-9D54-ED738537449F}"
EndProject
Global
	GlobalSection(SolutionConfigurationPlatforms) = preSolution
		Debug|Any CPU = Debug|Any CPU
		Release|Any CPU = Release|Any CPU
	EndGlobalSection
	GlobalSection(ProjectConfigurationPlatforms) = postSolution
		{DA92F060-07FE-42E0-9D54-ED738537449F}.Debug|Any CPU.ActiveCfg = Debug|Any CPU
		{DA92F060-07FE-42E0-9D54-ED738537449F}.Debug|Any CPU.Build.0 = Debug|Any CPU
		{DA92F060-07FE-42E0-9D54-ED738537449F}.Release|Any CPU.ActiveCfg = Release|Any CPU
		{DA92F060-07FE-42E0-9D54-ED738537449F}.Release|Any CPU.Build.0 = Release|Any CPU
	EndGlobalSection
	GlobalSection(SolutionProperties) = preSolution
		HideSolutionNode = FALSE
	EndGlobalSection
	GlobalSection(ExtensibilityGlobals) = postSolution
		SolutionGuid = {953B6B67-41CB-4966-AA05-5FD578FC08A8}
	EndGlobalSection
EndGlobal
